
Microsoft Visual Studio Solution File, Format Version 11.00
# Visual C++ Express 2010
Project("{8BC9CEB8-8B4A-11D0-8D11-00A0C91BC942}") = "nxna", "src\nxna2013.vcxproj", "{7E803E80-802E-4C5E-9A6C-D54BDA7F5563}"
EndProject
Project("{8BC9CEB8-8B4A-11D0-8D11-00A0C91BC942}") = "NxnaHelloWorld", "tests\NxnaHelloWorld\NxnaHelloWorld2013.vcxproj", "{9949D579-F54F-43E0-B3F0-F4085E9F29F4}"
EndProject
Global
	GlobalSection(SolutionConfigurationPlatforms) = preSolution
		Debug|Win32 = Debug|Win32
		Release|Win32 = Release|Win32
	EndGlobalSection
	GlobalSection(ProjectConfigurationPlatforms) = postSolution
		{7E803E80-802E-4C5E-9A6C-D54BDA7F5563}.Debug|Win32.ActiveCfg = Debug|Win32
		{7E803E80-802E-4C5E-9A6C-D54BDA7F5563}.Debug|Win32.Build.0 = Debug|Win32
		{7E803E80-802E-4C5E-9A6C-D54BDA7F5563}.Release|Win32.ActiveCfg = Release|Win32
		{7E803E80-802E-4C5E-9A6C-D54BDA7F5563}.Release|Win32.Build.0 = Release|Win32
		{9949D579-F54F-43E0-B3F0-F4085E9F29F4}.Debug|Win32.ActiveCfg = Debug|Win32
		{9949D579-F54F-43E0-B3F0-F4085E9F29F4}.Debug|Win32.Build.0 = Debug|Win32
		{9949D579-F54F-43E0-B3F0-F4085E9F29F4}.Release|Win32.ActiveCfg = Release|Win32
		{9949D579-F54F-43E0-B3F0-F4085E9F29F4}.Release|Win32.Build.0 = Release|Win32
	EndGlobalSection
	GlobalSection(SolutionProperties) = preSolution
		HideSolutionNode = FALSE
	EndGlobalSection
EndGlobal
