<?xml version="1.0" encoding="utf-8"?>
<Project ToolsVersion="4.0" xmlns="http://schemas.microsoft.com/developer/msbuild/2003">
  <ItemGroup>
    <Filter Include="Graphics">
      <UniqueIdentifier>{8c332723-67df-4ae1-8544-fc5a119e6a8f}</UniqueIdentifier>
    </Filter>
    <Filter Include="Content">
      <UniqueIdentifier>{e82a515e-6bbd-4fce-bcc4-518ed8e4ed93}</UniqueIdentifier>
    </Filter>
    <Filter Include="Input">
      <UniqueIdentifier>{a5621fd6-3254-4b03-be62-6257088b94a0}</UniqueIdentifier>
    </Filter>
    <Filter Include="Graphics\OpenGl">
      <UniqueIdentifier>{40774b51-ba58-43e6-9c57-02f886524d59}</UniqueIdentifier>
    </Filter>
    <Filter Include="Audio">
      <UniqueIdentifier>{6cd3edd7-1d14-40fc-a93b-41972ac510e7}</UniqueIdentifier>
    </Filter>
    <Filter Include="Platform">
      <UniqueIdentifier>{bbde82bd-4ccc-4a81-a18f-cdca92e6a1bf}</UniqueIdentifier>
    </Filter>
    <Filter Include="Audio\ADPCM">
      <UniqueIdentifier>{2b6bfe57-7fa3-49b7-a5d5-c6b106d7b7b8}</UniqueIdentifier>
    </Filter>
    <Filter Include="Input\Touch">
      <UniqueIdentifier>{0fcbfb97-7b63-44c3-8c29-854cb66314e0}</UniqueIdentifier>
    </Filter>
    <Filter Include="Platform\SDL">
      <UniqueIdentifier>{503e6849-aab4-43d9-bdff-b9ff38fa8b12}</UniqueIdentifier>
    </Filter>
    <Filter Include="Platform\iOS">
      <UniqueIdentifier>{02b412f4-8f5b-49d5-ab46-dd0acf29ae5b}</UniqueIdentifier>
    </Filter>
    <Filter Include="Graphics\Direct3D11">
      <UniqueIdentifier>{26125c02-6027-4806-b172-ee7401741d65}</UniqueIdentifier>
    </Filter>
    <Filter Include="Platform\Windows">
      <UniqueIdentifier>{1fc4ac49-ea01-4cf2-a73d-728dec386bd5}</UniqueIdentifier>
    </Filter>
    <Filter Include="Media">
      <UniqueIdentifier>{220a9999-b1a0-486c-9769-9815297a4198}</UniqueIdentifier>
    </Filter>
    <Filter Include="Graphics\libsquish">
      <UniqueIdentifier>{c1c1459f-458e-4ea5-8359-17961414b884}</UniqueIdentifier>
    </Filter>
  </ItemGroup>
  <ItemGroup>
    <ClInclude Include="Graphics\GraphicsDevice.h">
      <Filter>Graphics</Filter>
    </ClInclude>
    <ClInclude Include="NxnaConfig.h" />
    <ClInclude Include="Color.h" />
    <ClInclude Include="Nxna.h" />
    <ClInclude Include="Rectangle.h" />
    <ClInclude Include="Graphics\BasicEffect.h">
      <Filter>Graphics</Filter>
    </ClInclude>
    <ClInclude Include="Graphics\BlendState.h">
      <Filter>Graphics</Filter>
    </ClInclude>
    <ClInclude Include="Graphics\DualTextureEffect.h">
      <Filter>Graphics</Filter>
    </ClInclude>
    <ClInclude Include="Graphics\Effect.h">
      <Filter>Graphics</Filter>
    </ClInclude>
    <ClInclude Include="Graphics\DepthStencilState.h">
      <Filter>Graphics</Filter>
    </ClInclude>
    <ClInclude Include="Exception.h" />
    <ClInclude Include="Content\ContentManager.h">
      <Filter>Content</Filter>
    </ClInclude>
    <ClInclude Include="Content\FileStream.h">
      <Filter>Content</Filter>
    </ClInclude>
    <ClInclude Include="Graphics\IndexBuffer.h">
      <Filter>Graphics</Filter>
    </ClInclude>
    <ClInclude Include="Graphics\SpriteBatch.h">
      <Filter>Graphics</Filter>
    </ClInclude>
    <ClInclude Include="Graphics\SpriteEffect.h">
      <Filter>Graphics</Filter>
    </ClInclude>
    <ClInclude Include="Graphics\SpriteFont.h">
      <Filter>Graphics</Filter>
    </ClInclude>
    <ClInclude Include="Graphics\SpriteSheet.h">
      <Filter>Graphics</Filter>
    </ClInclude>
    <ClInclude Include="Graphics\Texture2D.h">
      <Filter>Graphics</Filter>
    </ClInclude>
    <ClInclude Include="Graphics\VertexBuffer.h">
      <Filter>Graphics</Filter>
    </ClInclude>
    <ClInclude Include="Graphics\VertexDeclaration.h">
      <Filter>Graphics</Filter>
    </ClInclude>
    <ClInclude Include="Content\XnbReader.h">
      <Filter>Content</Filter>
    </ClInclude>
    <ClInclude Include="Input\Mouse.h">
      <Filter>Input</Filter>
    </ClInclude>
    <ClInclude Include="Graphics\OpenGL\GlIndexBuffer.h">
      <Filter>Graphics\OpenGl</Filter>
    </ClInclude>
    <ClInclude Include="Graphics\OpenGL\GlslEffect.h">
      <Filter>Graphics\OpenGl</Filter>
    </ClInclude>
    <ClInclude Include="Graphics\OpenGL\GlTexture2D.h">
      <Filter>Graphics\OpenGl</Filter>
    </ClInclude>
    <ClInclude Include="Graphics\OpenGL\GlVertexBuffer.h">
      <Filter>Graphics\OpenGl</Filter>
    </ClInclude>
    <ClInclude Include="Graphics\OpenGL\OpenGLDevice.h">
      <Filter>Graphics\OpenGl</Filter>
    </ClInclude>
    <ClInclude Include="Game.h" />
    <ClInclude Include="Input\Buttons.h">
      <Filter>Input</Filter>
    </ClInclude>
    <ClInclude Include="Input\Keys.h">
      <Filter>Input</Filter>
    </ClInclude>
    <ClInclude Include="Input\Keyboard.h">
      <Filter>Input</Filter>
    </ClInclude>
    <ClInclude Include="Input\GamePad.h">
      <Filter>Input</Filter>
    </ClInclude>
    <ClInclude Include="IGraphicsDeviceManager.h" />
    <ClInclude Include="GameTime.h" />
    <ClInclude Include="Audio\SoundEffect.h">
      <Filter>Audio</Filter>
    </ClInclude>
    <ClInclude Include="Audio\AudioEmitter.h">
      <Filter>Audio</Filter>
    </ClInclude>
    <ClInclude Include="Audio\AudioListener.h">
      <Filter>Audio</Filter>
    </ClInclude>
    <ClInclude Include="Graphics\AlphaTestEffect.h">
      <Filter>Graphics</Filter>
    </ClInclude>
    <ClInclude Include="Graphics\RasterizerState.h">
      <Filter>Graphics</Filter>
    </ClInclude>
    <ClInclude Include="Graphics\OpenGL\OpenGL.h">
      <Filter>Graphics\OpenGl</Filter>
    </ClInclude>
    <ClInclude Include="Graphics\SamplerState.h">
      <Filter>Graphics</Filter>
    </ClInclude>
    <ClInclude Include="Audio\AudioManager.h">
      <Filter>Audio</Filter>
    </ClInclude>
    <ClInclude Include="Platform\PlatformDefs.h">
      <Filter>Platform</Filter>
    </ClInclude>
    <ClInclude Include="MathHelper.h" />
    <ClInclude Include="Quaternion.h" />
    <ClInclude Include="Vector4.h" />
    <ClInclude Include="Vector2.h" />
    <ClInclude Include="Vector3.h" />
    <ClInclude Include="Point.h" />
    <ClInclude Include="Matrix.h" />
    <ClInclude Include="Graphics\GraphicsDeviceCapabilities.h">
      <Filter>Graphics</Filter>
    </ClInclude>
    <ClInclude Include="Audio\ADPCM\ADPCMDecoder.h">
      <Filter>Audio\ADPCM</Filter>
    </ClInclude>
    <ClInclude Include="Input\Touch\TouchPanel.h">
      <Filter>Input\Touch</Filter>
    </ClInclude>
    <ClInclude Include="Platform\SDL\SDLGame.h">
      <Filter>Platform\SDL</Filter>
    </ClInclude>
    <ClInclude Include="Platform\SDL\SDLOpenGlWindow.h">
      <Filter>Platform\SDL</Filter>
    </ClInclude>
    <ClInclude Include="Platform\iOS\IOSOpenGlWindow.h">
      <Filter>Platform\iOS</Filter>
    </ClInclude>
    <ClInclude Include="Graphics\Direct3D11\Direct3D11Device.h">
      <Filter>Graphics\Direct3D11</Filter>
    </ClInclude>
    <ClInclude Include="Platform\Windows\WindowsDirect3D11Window.h">
      <Filter>Platform\Windows</Filter>
    </ClInclude>
    <ClInclude Include="Platform\Windows\WindowsGame.h">
      <Filter>Platform\Windows</Filter>
    </ClInclude>
    <ClInclude Include="Graphics\Direct3D11\D3D11IndexBuffer.h">
      <Filter>Graphics\Direct3D11</Filter>
    </ClInclude>
    <ClInclude Include="Utils.h" />
    <ClInclude Include="Graphics\ConstantBuffer.h" />
    <ClInclude Include="Graphics\IContantBufferPmpl.h" />
    <ClInclude Include="Graphics\Direct3D11\D3D11VertexBuffer.h">
      <Filter>Graphics\Direct3D11</Filter>
    </ClInclude>
    <ClInclude Include="Graphics\Direct3D11\D3D11ConstantBuffer.h">
      <Filter>Graphics\Direct3D11</Filter>
    </ClInclude>
    <ClInclude Include="Graphics\Direct3D11\D3D11Texture2D.h">
      <Filter>Graphics\Direct3D11</Filter>
    </ClInclude>
    <ClInclude Include="Graphics\Direct3D11\D3D11Utils.h">
      <Filter>Graphics\Direct3D11</Filter>
    </ClInclude>
    <ClInclude Include="Graphics\Direct3D11\HlslDualTextureEffect.h">
      <Filter>Graphics\Direct3D11</Filter>
    </ClInclude>
    <ClInclude Include="Graphics\Direct3D11\HlslEffect.h">
      <Filter>Graphics\Direct3D11</Filter>
    </ClInclude>
    <ClInclude Include="Media\MediaPlayer.h">
      <Filter>Media</Filter>
    </ClInclude>
    <ClInclude Include="Media\Song.h">
      <Filter>Media</Filter>
    </ClInclude>
    <ClInclude Include="Audio\OggVorbis\OggVorbisDecoder.h">
      <Filter>Media</Filter>
    </ClInclude>
    <ClInclude Include="Media\OggMediaPlayer.h">
      <Filter>Media</Filter>
    </ClInclude>
    <ClInclude Include="Graphics\OpenGL\GlslSource.h">
      <Filter>Graphics\OpenGl</Filter>
    </ClInclude>
    <ClInclude Include="Graphics\SamplerStateCollection.h">
      <Filter>Graphics</Filter>
    </ClInclude>
    <ClInclude Include="Platform\Windows\WindowsCommon.h">
      <Filter>Platform\Windows</Filter>
    </ClInclude>
    <ClInclude Include="Platform\Windows\WindowsOpenGlWindow.h">
      <Filter>Platform\Windows</Filter>
    </ClInclude>
    <ClInclude Include="Graphics\libsquish\squish.h" />
    <ClInclude Include="Audio\SoundState.h" />
    <ClInclude Include="Graphics\VertexPositionTexture.h" />
    <ClInclude Include="Logger.h" />
    <ClInclude Include="Graphics\ITexture2DPimpl.h">
      <Filter>Graphics</Filter>
    </ClInclude>
    <ClInclude Include="Graphics\IIndexBufferPimpl.h">
      <Filter>Graphics</Filter>
    </ClInclude>
    <ClInclude Include="Graphics\GraphicsAdapter.h" />
    <ClInclude Include="Platform\SDL\SDLDirect3D11Window.h" />
    <ClInclude Include="Graphics\PresentationParameters.h" />
    <ClInclude Include="Graphics\DepthFormat.h" />
    <ClInclude Include="Graphics\RenderTarget2D.h" />
    <ClInclude Include="Graphics\IRenderTarget2DPimpl.h" />
    <ClInclude Include="Graphics\OpenGL\GlRenderTarget2D.h" />
    <ClInclude Include="Graphics\IEffectPimpl.h" />
    <ClInclude Include="Graphics\BasicEffectPimpl.h" />
    <ClInclude Include="Graphics\SpriteEffectPimpl.h" />
    <ClInclude Include="Graphics\DualTextureEffectPimpl.h" />
    <ClInclude Include="Graphics\AlphaTestEffectPimpl.h" />
    <ClInclude Include="Graphics\ShaderProfile.h" />
    <ClInclude Include="Graphics\Semantic.h" />
  </ItemGroup>
  <ItemGroup>
    <ClCompile Include="Content\ContentManager.cpp">
      <Filter>Content</Filter>
    </ClCompile>
    <ClCompile Include="Content\FileStream.cpp">
      <Filter>Content</Filter>
    </ClCompile>
    <ClCompile Include="Graphics\GraphicsDevice.cpp">
      <Filter>Graphics</Filter>
    </ClCompile>
    <ClCompile Include="Graphics\SpriteBatch.cpp">
      <Filter>Graphics</Filter>
    </ClCompile>
    <ClCompile Include="Graphics\SpriteFont.cpp">
      <Filter>Graphics</Filter>
    </ClCompile>
    <ClCompile Include="Graphics\SpriteSheet.cpp">
      <Filter>Graphics</Filter>
    </ClCompile>
    <ClCompile Include="Graphics\Texture2D.cpp">
      <Filter>Graphics</Filter>
    </ClCompile>
    <ClCompile Include="Graphics\VertexBuffer.cpp">
      <Filter>Graphics</Filter>
    </ClCompile>
    <ClCompile Include="Content\XnbReader.cpp">
      <Filter>Content</Filter>
    </ClCompile>
    <ClCompile Include="Input\Mouse.cpp">
      <Filter>Input</Filter>
    </ClCompile>
    <ClCompile Include="Graphics\OpenGL\GlIndexBuffer.cpp">
      <Filter>Graphics\OpenGl</Filter>
    </ClCompile>
    <ClCompile Include="Graphics\OpenGL\GlslEffect.cpp">
      <Filter>Graphics\OpenGl</Filter>
    </ClCompile>
    <ClCompile Include="Graphics\OpenGL\GlTexture2D.cpp">
      <Filter>Graphics\OpenGl</Filter>
    </ClCompile>
    <ClCompile Include="Graphics\OpenGL\GlVertexBuffer.cpp">
      <Filter>Graphics\OpenGl</Filter>
    </ClCompile>
    <ClCompile Include="Graphics\OpenGL\OpenGlDevice.cpp">
      <Filter>Graphics\OpenGl</Filter>
    </ClCompile>
    <ClCompile Include="Graphics\Effect.cpp">
      <Filter>Graphics</Filter>
    </ClCompile>
    <ClCompile Include="Input\Keyboard.cpp">
      <Filter>Input</Filter>
    </ClCompile>
    <ClCompile Include="Input\GamePad.cpp">
      <Filter>Input</Filter>
    </ClCompile>
    <ClCompile Include="Game.cpp" />
    <ClCompile Include="Graphics\BlendState.cpp">
      <Filter>Graphics</Filter>
    </ClCompile>
    <ClCompile Include="Graphics\DepthStencilState.cpp">
      <Filter>Graphics</Filter>
    </ClCompile>
    <ClCompile Include="Graphics\RasterizerState.cpp">
      <Filter>Graphics</Filter>
    </ClCompile>
    <ClCompile Include="Audio\SoundEffect.cpp">
      <Filter>Audio</Filter>
    </ClCompile>
    <ClCompile Include="Audio\AudioManager.cpp">
      <Filter>Audio</Filter>
    </ClCompile>
    <ClCompile Include="IGraphicsDeviceManager.cpp" />
    <ClCompile Include="Platform\NaClMain.cpp">
      <Filter>Platform</Filter>
    </ClCompile>
    <ClCompile Include="MathHelper.cpp" />
    <ClCompile Include="Quaternion.cpp" />
    <ClCompile Include="Vector4.cpp" />
    <ClCompile Include="Vector2.cpp" />
    <ClCompile Include="Vector3.cpp" />
    <ClCompile Include="Matrix.cpp" />
    <ClCompile Include="Platform\SdlMain.cpp">
      <Filter>Platform</Filter>
    </ClCompile>
    <ClCompile Include="Graphics\SamplerState.cpp">
      <Filter>Graphics</Filter>
    </ClCompile>
    <ClCompile Include="Audio\ADPCM\ADPCMDecoder.cpp">
      <Filter>Audio\ADPCM</Filter>
    </ClCompile>
    <ClCompile Include="Input\Touch\TouchPanel.cpp">
      <Filter>Input\Touch</Filter>
    </ClCompile>
    <ClCompile Include="Platform\SDL\SDLGame.cpp">
      <Filter>Platform\SDL</Filter>
    </ClCompile>
    <ClCompile Include="Platform\SDL\SDLOpenGlWindow.cpp">
      <Filter>Platform\SDL</Filter>
    </ClCompile>
    <ClCompile Include="Platform\iOS\IOSOpenGlWindow.cpp">
      <Filter>Platform\iOS</Filter>
    </ClCompile>
    <ClCompile Include="Graphics\Direct3D11\Direct3D11Device.cpp">
      <Filter>Graphics\Direct3D11</Filter>
    </ClCompile>
    <ClCompile Include="Platform\Windows\WindowsDirect3D11Window.cpp">
      <Filter>Platform\Windows</Filter>
    </ClCompile>
    <ClCompile Include="Platform\Windows\WindowsGame.cpp">
      <Filter>Platform\Windows</Filter>
    </ClCompile>
    <ClCompile Include="Graphics\Direct3D11\D3D11IndexBuffer.cpp">
      <Filter>Graphics\Direct3D11</Filter>
    </ClCompile>
    <ClCompile Include="Platform\Windows\WindowsMain.cpp">
      <Filter>Platform\Windows</Filter>
    </ClCompile>
    <ClCompile Include="Graphics\Direct3D11\D3D11ConstantBuffer.cpp">
      <Filter>Graphics\Direct3D11</Filter>
    </ClCompile>
    <ClCompile Include="Graphics\Direct3D11\D3D11Texture2D.cpp">
      <Filter>Graphics\Direct3D11</Filter>
    </ClCompile>
    <ClCompile Include="Graphics\Direct3D11\D3D11VertexBuffer.cpp">
      <Filter>Graphics\Direct3D11</Filter>
    </ClCompile>
    <ClCompile Include="Graphics\Direct3D11\HlslEffect.cpp">
      <Filter>Graphics\Direct3D11</Filter>
    </ClCompile>
    <ClCompile Include="Media\MediaPlayer.cpp">
      <Filter>Media</Filter>
    </ClCompile>
    <ClCompile Include="Media\Song.cpp">
      <Filter>Media</Filter>
    </ClCompile>
    <ClCompile Include="Media\OggMediaPlayer.cpp">
      <Filter>Media</Filter>
    </ClCompile>
    <ClCompile Include="Audio\OggVorbis\OggVorbisDecoder.cpp">
      <Filter>Media</Filter>
    </ClCompile>
    <ClCompile Include="Graphics\OpenGL\GlslSource.cpp">
      <Filter>Graphics\OpenGl</Filter>
    </ClCompile>
    <ClCompile Include="Graphics\SamplerStateCollection.cpp">
      <Filter>Graphics</Filter>
    </ClCompile>
    <ClCompile Include="Graphics\VertexDeclaration.cpp">
      <Filter>Graphics</Filter>
    </ClCompile>
    <ClCompile Include="Platform\Windows\WindowsCommon.cpp">
      <Filter>Platform\Windows</Filter>
    </ClCompile>
    <ClCompile Include="Platform\Windows\WindowsOpenGlWindow.cpp">
      <Filter>Platform\Windows</Filter>
    </ClCompile>
    <ClCompile Include="Graphics\libsquish\squish.cpp" />
    <ClCompile Include="Graphics\libsquish\colourblock.cpp" />
    <ClCompile Include="Graphics\libsquish\alpha.cpp" />
    <ClCompile Include="Graphics\libsquish\clusterfit.cpp" />
    <ClCompile Include="Graphics\libsquish\rangefit.cpp" />
    <ClCompile Include="Graphics\libsquish\colourfit.cpp" />
    <ClCompile Include="Graphics\libsquish\colourset.cpp" />
    <ClCompile Include="Graphics\libsquish\singlecolourfit.cpp" />
    <ClCompile Include="Graphics\libsquish\maths.cpp" />
    <ClCompile Include="Graphics\VertexPositionTexture.cpp" />
    <ClCompile Include="Graphics\ITexture2DPimpl.cpp">
      <Filter>Graphics</Filter>
    </ClCompile>
    <ClCompile Include="Graphics\IndexBuffer.cpp">
      <Filter>Graphics</Filter>
    </ClCompile>
    <ClCompile Include="Graphics\GraphicsAdapter.cpp" />
    <ClCompile Include="Platform\SDL\SDLDirect3D11Window.cpp" />
    <ClCompile Include="Graphics\RenderTarget2D.cpp" />
    <ClCompile Include="Color.cpp" />
    <ClCompile Include="Graphics\OpenGL\GlRenderTarget2D.cpp" />
    <ClCompile Include="Graphics\BasicEffect.cpp" />
    <ClCompile Include="Graphics\IEffectPimpl.cpp" />
    <ClCompile Include="Graphics\DualTextureEffect.cpp" />
    <ClCompile Include="Graphics\AlphaTestEffect.cpp" />
    <ClCompile Include="Graphics\SpriteEffect.cpp" />
  </ItemGroup>
  <ItemGroup>
    <None Include="Graphics\Direct3D11\ShaderSource\AlphaTestEffect.fx" />
    <None Include="Graphics\Direct3D11\ShaderSource\Common.fxh" />
    <None Include="Graphics\Direct3D11\ShaderSource\Compiled\AlphaTestEffect_PSAlphaTestEqNe.inc" />
    <None Include="Graphics\Direct3D11\ShaderSource\Compiled\AlphaTestEffect_PSAlphaTestEqNeNoFog.inc" />
    <None Include="Graphics\Direct3D11\ShaderSource\Compiled\AlphaTestEffect_PSAlphaTestLtGt.inc" />
    <None Include="Graphics\Direct3D11\ShaderSource\Compiled\AlphaTestEffect_PSAlphaTestLtGtNoFog.inc" />
    <None Include="Graphics\Direct3D11\ShaderSource\Compiled\AlphaTestEffect_VSAlphaTest.inc" />
    <None Include="Graphics\Direct3D11\ShaderSource\Compiled\AlphaTestEffect_VSAlphaTestNoFog.inc" />
    <None Include="Graphics\Direct3D11\ShaderSource\Compiled\AlphaTestEffect_VSAlphaTestVc.inc" />
    <None Include="Graphics\Direct3D11\ShaderSource\Compiled\AlphaTestEffect_VSAlphaTestVcNoFog.inc" />
    <None Include="Graphics\Direct3D11\ShaderSource\Structures.fx" />
    <None Include="Graphics\OpenGL\ShaderSource\BasicEffect.vert" />
    <None Include="Graphics\OpenGL\ShaderSource\BasicEffect.frag" />
    <None Include="Graphics\OpenGL\ShaderSource\SpriteEffect.vert" />
    <None Include="Graphics\OpenGL\ShaderSource\SpriteEffect.frag" />
    <None Include="Graphics\OpenGL\ShaderSource\AlphaTestEffect.vert" />
    <None Include="Graphics\OpenGL\ShaderSource\AlphaTestEffect.frag" />
    <None Include="Graphics\OpenGL\ShaderSource\DualTextureEffect.vert" />
    <None Include="Graphics\OpenGL\ShaderSource\DualTextureEffect.frag" />
  </ItemGroup>
</Project>